
Microsoft Visual Studio Solution File, Format Version 12.00
# Visual Studio Version 16
VisualStudioVersion = 16.0.29324.140
MinimumVisualStudioVersion = 10.0.40219.1
Project("{FAE04EC0-301F-11D3-BF4B-00C04F79EFBC}") = "Unity_Class_Tree", "Unity_Class_Tree\Unity_Class_Tree.csproj", "{7C2C50A8-7E35-404D-8AC9-A8CA559FFF78}"
EndProject
Project("{54435603-DBB4-11D2-8724-00A0C9A8B90C}") = "Unity Class Tree", "Unity Class Tree\Unity Class Tree.vdproj", "{6F42F2CD-EF5F-40F1-B69A-4E221825CE6F}"
EndProject
Global
	GlobalSection(SolutionConfigurationPlatforms) = preSolution
		Debug|Any CPU = Debug|Any CPU
		Release|Any CPU = Release|Any CPU
	EndGlobalSection
	GlobalSection(ProjectConfigurationPlatforms) = postSolution
		{7C2C50A8-7E35-404D-8AC9-A8CA559FFF78}.Debug|Any CPU.ActiveCfg = Debug|Any CPU
		{7C2C50A8-7E35-404D-8AC9-A8CA559FFF78}.Debug|Any CPU.Build.0 = Debug|Any CPU
		{7C2C50A8-7E35-404D-8AC9-A8CA559FFF78}.Release|Any CPU.ActiveCfg = Release|Any CPU
		{7C2C50A8-7E35-404D-8AC9-A8CA559FFF78}.Release|Any CPU.Build.0 = Release|Any CPU
		{6F42F2CD-EF5F-40F1-B69A-4E221825CE6F}.Debug|Any CPU.ActiveCfg = Debug
		{6F42F2CD-EF5F-40F1-B69A-4E221825CE6F}.Release|Any CPU.ActiveCfg = Release
	EndGlobalSection
	GlobalSection(SolutionProperties) = preSolution
		HideSolutionNode = FALSE
	EndGlobalSection
	GlobalSection(ExtensibilityGlobals) = postSolution
		SolutionGuid = {B0D57F60-4A55-4AB1-8F74-CE42EE06A958}
	EndGlobalSection
EndGlobal
